
Microsoft Visual Studio Solution File, Format Version 12.00
# Visual Studio Version 17
VisualStudioVersion = 17.6.33815.320
MinimumVisualStudioVersion = 10.0.40219.1
Project("{FAE04EC0-301F-11D3-BF4B-00C04F79EFBC}") = "MapEditer", "MapEditer\MapEditer.csproj", "{46A93854-3045-4EFE-8AB2-244A34603F90}"
EndProject
Global
	GlobalSection(SolutionConfigurationPlatforms) = preSolution
		Debug|Any CPU = Debug|Any CPU
		Release|Any CPU = Release|Any CPU
	EndGlobalSection
	GlobalSection(ProjectConfigurationPlatforms) = postSolution
		{46A93854-3045-4EFE-8AB2-244A34603F90}.Debug|Any CPU.ActiveCfg = Debug|Any CPU
		{46A93854-3045-4EFE-8AB2-244A34603F90}.Debug|Any CPU.Build.0 = Debug|Any CPU
		{46A93854-3045-4EFE-8AB2-244A34603F90}.Release|Any CPU.ActiveCfg = Release|Any CPU
		{46A93854-3045-4EFE-8AB2-244A34603F90}.Release|Any CPU.Build.0 = Release|Any CPU
	EndGlobalSection
	GlobalSection(SolutionProperties) = preSolution
		HideSolutionNode = FALSE
	EndGlobalSection
	GlobalSection(ExtensibilityGlobals) = postSolution
		SolutionGuid = {267F0B87-383C-4FFA-A0C7-53B8F3E629F4}
	EndGlobalSection
EndGlobal
